
Microsoft Visual Studio Solution File, Format Version 12.00
# Visual Studio Version 17
VisualStudioVersion = 17.8.34322.80
MinimumVisualStudioVersion = 10.0.40219.1
Project("{9A19103F-16F7-4668-BE54-9A1E7A4F7556}") = "LocalAuthorityDistricts.Domain", "LocalAuthorityDistricts.Domain\LocalAuthorityDistricts.Domain.csproj", "{FD589658-BA0F-4EAC-A81E-79068FFE8DE9}"
EndProject
Project("{9A19103F-16F7-4668-BE54-9A1E7A4F7556}") = "LocalAuthorityDistricts.Application", "LocalAuthorityDistricts.Application\LocalAuthorityDistricts.Application.csproj", "{74A0CDF0-BE12-48B0-A1DA-CD8E230CBD82}"
EndProject
Project("{9A19103F-16F7-4668-BE54-9A1E7A4F7556}") = "LocalAuthorityDistricts.Infrastructure", "LocalAuthorityDistricts.Infrastructure\LocalAuthorityDistricts.Infrastructure.csproj", "{BE21C404-4B52-47F8-89CD-40573FA9B68E}"
EndProject
Project("{2150E333-8FDC-42A3-9474-1A3956D46DE8}") = "Tests", "Tests", "{5A0EB188-C15B-47A5-9148-7FF486242FDE}"
EndProject
Project("{9A19103F-16F7-4668-BE54-9A1E7A4F7556}") = "LocalAuthorityDistricts.Application.Tests", "LocalAuthorityDistricts.Application.Tests\LocalAuthorityDistricts.Application.Tests.csproj", "{0ED759D5-CA28-4B07-9F19-2AC471320D13}"
EndProject
Project("{9A19103F-16F7-4668-BE54-9A1E7A4F7556}") = "LocalAuthorityDistricts.Infrastructure.Tests", "LocalAuthorityDistricts.Infrastructure.Tests\LocalAuthorityDistricts.Infrastructure.Tests.csproj", "{5749AE0B-FCEC-403B-95B9-097889154684}"
EndProject
Project("{9A19103F-16F7-4668-BE54-9A1E7A4F7556}") = "LocalAuthorityDistricts.Presentation.Tests", "LocalAuthorityDistricts.Presentation.Tests\LocalAuthorityDistricts.Presentation.Tests.csproj", "{E6F1CD45-C318-4705-85F3-DFD295D12715}"
EndProject
Project("{9A19103F-16F7-4668-BE54-9A1E7A4F7556}") = "LocalAuthorityDistricts.Presentation.BlazorServer", "LocalAuthorityDistricts.Presentation.BlazorServer\LocalAuthorityDistricts.Presentation.BlazorServer.csproj", "{EA1298F1-1150-4EDB-83A7-B8C2BCEA10C1}"
EndProject
Global
	GlobalSection(SolutionConfigurationPlatforms) = preSolution
		Debug|Any CPU = Debug|Any CPU
		Release|Any CPU = Release|Any CPU
	EndGlobalSection
	GlobalSection(ProjectConfigurationPlatforms) = postSolution
		{FD589658-BA0F-4EAC-A81E-79068FFE8DE9}.Debug|Any CPU.ActiveCfg = Debug|Any CPU
		{FD589658-BA0F-4EAC-A81E-79068FFE8DE9}.Debug|Any CPU.Build.0 = Debug|Any CPU
		{FD589658-BA0F-4EAC-A81E-79068FFE8DE9}.Release|Any CPU.ActiveCfg = Release|Any CPU
		{FD589658-BA0F-4EAC-A81E-79068FFE8DE9}.Release|Any CPU.Build.0 = Release|Any CPU
		{74A0CDF0-BE12-48B0-A1DA-CD8E230CBD82}.Debug|Any CPU.ActiveCfg = Debug|Any CPU
		{74A0CDF0-BE12-48B0-A1DA-CD8E230CBD82}.Debug|Any CPU.Build.0 = Debug|Any CPU
		{74A0CDF0-BE12-48B0-A1DA-CD8E230CBD82}.Release|Any CPU.ActiveCfg = Release|Any CPU
		{74A0CDF0-BE12-48B0-A1DA-CD8E230CBD82}.Release|Any CPU.Build.0 = Release|Any CPU
		{BE21C404-4B52-47F8-89CD-40573FA9B68E}.Debug|Any CPU.ActiveCfg = Debug|Any CPU
		{BE21C404-4B52-47F8-89CD-40573FA9B68E}.Debug|Any CPU.Build.0 = Debug|Any CPU
		{BE21C404-4B52-47F8-89CD-40573FA9B68E}.Release|Any CPU.ActiveCfg = Release|Any CPU
		{BE21C404-4B52-47F8-89CD-40573FA9B68E}.Release|Any CPU.Build.0 = Release|Any CPU
		{0ED759D5-CA28-4B07-9F19-2AC471320D13}.Debug|Any CPU.ActiveCfg = Debug|Any CPU
		{0ED759D5-CA28-4B07-9F19-2AC471320D13}.Debug|Any CPU.Build.0 = Debug|Any CPU
		{0ED759D5-CA28-4B07-9F19-2AC471320D13}.Release|Any CPU.ActiveCfg = Release|Any CPU
		{0ED759D5-CA28-4B07-9F19-2AC471320D13}.Release|Any CPU.Build.0 = Release|Any CPU
		{5749AE0B-FCEC-403B-95B9-097889154684}.Debug|Any CPU.ActiveCfg = Debug|Any CPU
		{5749AE0B-FCEC-403B-95B9-097889154684}.Debug|Any CPU.Build.0 = Debug|Any CPU
		{5749AE0B-FCEC-403B-95B9-097889154684}.Release|Any CPU.ActiveCfg = Release|Any CPU
		{5749AE0B-FCEC-403B-95B9-097889154684}.Release|Any CPU.Build.0 = Release|Any CPU
		{E6F1CD45-C318-4705-85F3-DFD295D12715}.Debug|Any CPU.ActiveCfg = Debug|Any CPU
		{E6F1CD45-C318-4705-85F3-DFD295D12715}.Debug|Any CPU.Build.0 = Debug|Any CPU
		{E6F1CD45-C318-4705-85F3-DFD295D12715}.Release|Any CPU.ActiveCfg = Release|Any CPU
		{E6F1CD45-C318-4705-85F3-DFD295D12715}.Release|Any CPU.Build.0 = Release|Any CPU
		{EA1298F1-1150-4EDB-83A7-B8C2BCEA10C1}.Debug|Any CPU.ActiveCfg = Debug|Any CPU
		{EA1298F1-1150-4EDB-83A7-B8C2BCEA10C1}.Debug|Any CPU.Build.0 = Debug|Any CPU
		{EA1298F1-1150-4EDB-83A7-B8C2BCEA10C1}.Release|Any CPU.ActiveCfg = Release|Any CPU
		{EA1298F1-1150-4EDB-83A7-B8C2BCEA10C1}.Release|Any CPU.Build.0 = Release|Any CPU
	EndGlobalSection
	GlobalSection(SolutionProperties) = preSolution
		HideSolutionNode = FALSE
	EndGlobalSection
	GlobalSection(NestedProjects) = preSolution
		{0ED759D5-CA28-4B07-9F19-2AC471320D13} = {5A0EB188-C15B-47A5-9148-7FF486242FDE}
		{5749AE0B-FCEC-403B-95B9-097889154684} = {5A0EB188-C15B-47A5-9148-7FF486242FDE}
		{E6F1CD45-C318-4705-85F3-DFD295D12715} = {5A0EB188-C15B-47A5-9148-7FF486242FDE}
	EndGlobalSection
	GlobalSection(ExtensibilityGlobals) = postSolution
		SolutionGuid = {8B13A7E6-DD8D-4AE5-8E11-AC777F21DA0F}
	EndGlobalSection
EndGlobal
